{
  "requires": true,
  "lockfileVersion": 1,
  "dependencies": {
    "hc-offcanvas-nav": {
      "version": "3.4.1",
      "resolved": "https://registry.npmjs.org/hc-offcanvas-nav/-/hc-offcanvas-nav-3.4.1.tgz",
      "integrity": "sha512-njPVsVuyzOWy3ot5ODh6cLpMDH9HHBMu1RQlvYm652/iXxB+Q9TJ+VJQOAhPQ2IXEp6ZzIYWOGVbtmfTHgnuvw=="
    }
  }
}
